
Microsoft Visual Studio Solution File, Format Version 12.00
# Visual Studio Version 16
VisualStudioVersion = 16.0.30011.22
MinimumVisualStudioVersion = 10.0.40219.1
Project("{FAE04EC0-301F-11D3-BF4B-00C04F79EFBC}") = "acacia_web", "acacia_web\acacia_web.csproj", "{3DFC2E39-CF99-4BD0-8116-BCE88CEE6DD6}"
EndProject
Global
	GlobalSection(SolutionConfigurationPlatforms) = preSolution
		Debug|Any CPU = Debug|Any CPU
		Release|Any CPU = Release|Any CPU
	EndGlobalSection
	GlobalSection(ProjectConfigurationPlatforms) = postSolution
		{3DFC2E39-CF99-4BD0-8116-BCE88CEE6DD6}.Debug|Any CPU.ActiveCfg = Debug|Any CPU
		{3DFC2E39-CF99-4BD0-8116-BCE88CEE6DD6}.Debug|Any CPU.Build.0 = Debug|Any CPU
		{3DFC2E39-CF99-4BD0-8116-BCE88CEE6DD6}.Release|Any CPU.ActiveCfg = Release|Any CPU
		{3DFC2E39-CF99-4BD0-8116-BCE88CEE6DD6}.Release|Any CPU.Build.0 = Release|Any CPU
	EndGlobalSection
	GlobalSection(SolutionProperties) = preSolution
		HideSolutionNode = FALSE
	EndGlobalSection
	GlobalSection(ExtensibilityGlobals) = postSolution
		SolutionGuid = {872CCC2F-152A-433D-8AA9-3AD049DA5DD1}
	EndGlobalSection
EndGlobal
